
Microsoft Visual Studio Solution File, Format Version 12.00
# Visual Studio Version 17
VisualStudioVersion = 17.14.36518.9 d17.14
MinimumVisualStudioVersion = 10.0.40219.1
Project("{FAE04EC0-301F-11D3-BF4B-00C04F79EFBC}") = "PAL", "PAL\PAL.csproj", "{3ECF7CA1-3FD9-4B9A-B2BE-B6077FFB0C4C}"
EndProject
Project("{FAE04EC0-301F-11D3-BF4B-00C04F79EFBC}") = "BAL", "BAL\BAL.csproj", "{2BD6A43B-D005-4BDA-B40F-CE523D376F6F}"
EndProject
Project("{FAE04EC0-301F-11D3-BF4B-00C04F79EFBC}") = "DAL", "DAL\DAL.csproj", "{83089FBF-03E3-4B14-9A6E-84819E40E901}"
EndProject
Global
	GlobalSection(SolutionConfigurationPlatforms) = preSolution
		Debug|Any CPU = Debug|Any CPU
		Release|Any CPU = Release|Any CPU
	EndGlobalSection
	GlobalSection(ProjectConfigurationPlatforms) = postSolution
		{3ECF7CA1-3FD9-4B9A-B2BE-B6077FFB0C4C}.Debug|Any CPU.ActiveCfg = Debug|Any CPU
		{3ECF7CA1-3FD9-4B9A-B2BE-B6077FFB0C4C}.Debug|Any CPU.Build.0 = Debug|Any CPU
		{3ECF7CA1-3FD9-4B9A-B2BE-B6077FFB0C4C}.Release|Any CPU.ActiveCfg = Release|Any CPU
		{3ECF7CA1-3FD9-4B9A-B2BE-B6077FFB0C4C}.Release|Any CPU.Build.0 = Release|Any CPU
		{2BD6A43B-D005-4BDA-B40F-CE523D376F6F}.Debug|Any CPU.ActiveCfg = Debug|Any CPU
		{2BD6A43B-D005-4BDA-B40F-CE523D376F6F}.Debug|Any CPU.Build.0 = Debug|Any CPU
		{2BD6A43B-D005-4BDA-B40F-CE523D376F6F}.Release|Any CPU.ActiveCfg = Release|Any CPU
		{2BD6A43B-D005-4BDA-B40F-CE523D376F6F}.Release|Any CPU.Build.0 = Release|Any CPU
		{83089FBF-03E3-4B14-9A6E-84819E40E901}.Debug|Any CPU.ActiveCfg = Debug|Any CPU
		{83089FBF-03E3-4B14-9A6E-84819E40E901}.Debug|Any CPU.Build.0 = Debug|Any CPU
		{83089FBF-03E3-4B14-9A6E-84819E40E901}.Release|Any CPU.ActiveCfg = Release|Any CPU
		{83089FBF-03E3-4B14-9A6E-84819E40E901}.Release|Any CPU.Build.0 = Release|Any CPU
	EndGlobalSection
	GlobalSection(SolutionProperties) = preSolution
		HideSolutionNode = FALSE
	EndGlobalSection
	GlobalSection(ExtensibilityGlobals) = postSolution
		SolutionGuid = {106543D6-2899-4C19-B4E0-761E47AD0DEB}
	EndGlobalSection
EndGlobal
